{
  "version": 4,
  "terraform_version": "1.4.6",
  "serial": 313,
  "lineage": "0ceda5e7-6a39-c67b-5283-4e5122ff5005",
  "outputs": {},
  "resources": [
    {
      "module": "module.database",
      "mode": "managed",
      "type": "azurerm_mysql_database",
      "name": "wp-mysql",
      "provider": "provider[\"registry.terraform.io/hashicorp/azurerm\"]",
      "instances": [
        {
          "schema_version": 0,
          "attributes": {
            "charset": "utf8",
            "collation": "utf8_general_ci",
            "id": "/subscriptions/d70917c9-fb73-4754-bc57-31731e67aae9/resourceGroups/rg-hawordpress-westeu-001/providers/Microsoft.DBforMySQL/servers/mysql-hawordpress-westeu-001/databases/wordpress",
            "name": "wordpress",
            "resource_group_name": "rg-hawordpress-westeu-001",
            "server_name": "mysql-hawordpress-westeu-001",
            "timeouts": null
          },
          "sensitive_attributes": [],
          "private": "eyJlMmJmYjczMC1lY2FhLTExZTYtOGY4OC0zNDM2M2JjN2M0YzAiOnsiY3JlYXRlIjozNjAwMDAwMDAwMDAwLCJkZWxldGUiOjM2MDAwMDAwMDAwMDAsInJlYWQiOjMwMDAwMDAwMDAwMCwidXBkYXRlIjozNjAwMDAwMDAwMDAwfX0=",
          "dependencies": [
            "module.database.azurerm_mysql_server.wp-mysql",
            "module.resource_group.azurerm_resource_group.resource-group"
          ]
        }
      ]
    },
    {
      "module": "module.database",
      "mode": "managed",
      "type": "azurerm_mysql_firewall_rule",
      "name": "mysql_azure_vms",
      "provider": "provider[\"registry.terraform.io/hashicorp/azurerm\"]",
      "instances": [
        {
          "schema_version": 0,
          "attributes": {
            "end_ip_address": "0.0.0.0",
            "id": "/subscriptions/d70917c9-fb73-4754-bc57-31731e67aae9/resourceGroups/rg-hawordpress-westeu-001/providers/Microsoft.DBforMySQL/servers/mysql-hawordpress-westeu-001/firewallRules/azure-access",
            "name": "azure-access",
            "resource_group_name": "rg-hawordpress-westeu-001",
            "server_name": "mysql-hawordpress-westeu-001",
            "start_ip_address": "0.0.0.0",
            "timeouts": null
          },
          "sensitive_attributes": [],
          "private": "eyJlMmJmYjczMC1lY2FhLTExZTYtOGY4OC0zNDM2M2JjN2M0YzAiOnsiY3JlYXRlIjoxODAwMDAwMDAwMDAwLCJkZWxldGUiOjE4MDAwMDAwMDAwMDAsInJlYWQiOjMwMDAwMDAwMDAwMCwidXBkYXRlIjoxODAwMDAwMDAwMDAwfX0=",
          "dependencies": [
            "module.database.azurerm_mysql_server.wp-mysql",
            "module.resource_group.azurerm_resource_group.resource-group"
          ]
        }
      ]
    },
    {
      "module": "module.database",
      "mode": "managed",
      "type": "azurerm_mysql_server",
      "name": "wp-mysql",
      "provider": "provider[\"registry.terraform.io/hashicorp/azurerm\"]",
      "instances": [
        {
          "schema_version": 0,
          "attributes": {
            "administrator_login": "hawordpress",
            "administrator_login_password": "$HaWordpre33@!",
            "auto_grow_enabled": false,
            "backup_retention_days": 7,
            "create_mode": "Default",
            "creation_source_server_id": null,
            "fqdn": "mysql-hawordpress-westeu-001.mysql.database.azure.com",
            "geo_redundant_backup_enabled": false,
            "id": "/subscriptions/d70917c9-fb73-4754-bc57-31731e67aae9/resourceGroups/rg-hawordpress-westeu-001/providers/Microsoft.DBforMySQL/servers/mysql-hawordpress-westeu-001",
            "identity": [],
            "infrastructure_encryption_enabled": false,
            "location": "westeurope",
            "name": "mysql-hawordpress-westeu-001",
            "public_network_access_enabled": true,
            "resource_group_name": "rg-hawordpress-westeu-001",
            "restore_point_in_time": null,
            "sku_name": "B_Gen5_1",
            "ssl_enforcement_enabled": false,
            "ssl_minimal_tls_version_enforced": "TLSEnforcementDisabled",
            "storage_mb": 5120,
            "tags": {
              "autor": "Maria Jesus Alloza",
              "curso": "2º ASIR",
              "entorno": "dev",
              "instituto": "IES Gonzalo Nazareno",
              "proyecto": "WordPress en alta disponibilidad"
            },
            "threat_detection_policy": [],
            "timeouts": null,
            "version": "8.0"
          },
          "sensitive_attributes": [],
          "private": "eyJlMmJmYjczMC1lY2FhLTExZTYtOGY4OC0zNDM2M2JjN2M0YzAiOnsiY3JlYXRlIjozNjAwMDAwMDAwMDAwLCJkZWxldGUiOjM2MDAwMDAwMDAwMDAsInJlYWQiOjMwMDAwMDAwMDAwMCwidXBkYXRlIjozNjAwMDAwMDAwMDAwfX0=",
          "dependencies": [
            "module.resource_group.azurerm_resource_group.resource-group"
          ]
        }
      ]
    },
    {
      "module": "module.load-balancer",
      "mode": "managed",
      "type": "azurerm_lb",
      "name": "wordpress_lb",
      "provider": "provider[\"registry.terraform.io/hashicorp/azurerm\"]",
      "instances": [
        {
          "schema_version": 0,
          "attributes": {
            "edge_zone": "",
            "frontend_ip_configuration": [
              {
                "gateway_load_balancer_frontend_ip_configuration_id": "",
                "id": "/subscriptions/d70917c9-fb73-4754-bc57-31731e67aae9/resourceGroups/rg-hawordpress-westeu-001/providers/Microsoft.Network/loadBalancers/lb-hawordpress-westeu-001/frontendIPConfigurations/wp-frontend",
                "inbound_nat_rules": [],
                "load_balancer_rules": [],
                "name": "wp-frontend",
                "outbound_rules": [],
                "private_ip_address": "",
                "private_ip_address_allocation": "Dynamic",
                "private_ip_address_version": "",
                "public_ip_address_id": "/subscriptions/d70917c9-fb73-4754-bc57-31731e67aae9/resourceGroups/rg-hawordpress-westeu-001/providers/Microsoft.Network/publicIPAddresses/pip-lb-hawordpress-westeu-001",
                "public_ip_prefix_id": "",
                "subnet_id": "",
                "zones": null
              }
            ],
            "id": "/subscriptions/d70917c9-fb73-4754-bc57-31731e67aae9/resourceGroups/rg-hawordpress-westeu-001/providers/Microsoft.Network/loadBalancers/lb-hawordpress-westeu-001",
            "location": "westeurope",
            "name": "lb-hawordpress-westeu-001",
            "private_ip_address": "",
            "private_ip_addresses": [],
            "resource_group_name": "rg-hawordpress-westeu-001",
            "sku": "Standard",
            "sku_tier": "Regional",
            "tags": {
              "autor": "Maria Jesus Alloza",
              "curso": "2º ASIR",
              "entorno": "dev",
              "instituto": "IES Gonzalo Nazareno",
              "proyecto": "WordPress en alta disponibilidad"
            },
            "timeouts": null
          },
          "sensitive_attributes": [],
          "private": "eyJlMmJmYjczMC1lY2FhLTExZTYtOGY4OC0zNDM2M2JjN2M0YzAiOnsiY3JlYXRlIjoxODAwMDAwMDAwMDAwLCJkZWxldGUiOjE4MDAwMDAwMDAwMDAsInJlYWQiOjMwMDAwMDAwMDAwMCwidXBkYXRlIjoxODAwMDAwMDAwMDAwfX0=",
          "dependencies": [
            "module.networking.azurerm_network_security_group.lb_nsg",
            "module.networking.azurerm_public_ip.lb_pip",
            "module.networking.azurerm_subnet.backend",
            "module.networking.azurerm_virtual_network.vnet",
            "module.resource_group.azurerm_resource_group.resource-group",
            "module.storage.azurerm_storage_account.vm_diagnostics",
            "module.virtual-machines.azurerm_linux_virtual_machine.primary_vm",
            "module.virtual-machines.azurerm_linux_virtual_machine.secondary_vm",
            "module.virtual-machines.azurerm_network_interface.nic_primary_vm",
            "module.virtual-machines.azurerm_network_interface.nic_secondary_vm",
            "module.virtual-machines.azurerm_network_interface_security_group_association.primary_nic_association",
            "module.virtual-machines.azurerm_network_interface_security_group_association.secondary_nic_association"
          ]
        }
      ]
    },
    {
      "module": "module.load-balancer",
      "mode": "managed",
      "type": "azurerm_lb_backend_address_pool",
      "name": "wordpress_backend_pool",
      "provider": "provider[\"registry.terraform.io/hashicorp/azurerm\"]",
      "instances": [
        {
          "schema_version": 0,
          "attributes": {
            "backend_ip_configurations": [],
            "id": "/subscriptions/d70917c9-fb73-4754-bc57-31731e67aae9/resourceGroups/rg-hawordpress-westeu-001/providers/Microsoft.Network/loadBalancers/lb-hawordpress-westeu-001/backendAddressPools/wp-backend",
            "inbound_nat_rules": [],
            "load_balancing_rules": [],
            "loadbalancer_id": "/subscriptions/d70917c9-fb73-4754-bc57-31731e67aae9/resourceGroups/rg-hawordpress-westeu-001/providers/Microsoft.Network/loadBalancers/lb-hawordpress-westeu-001",
            "name": "wp-backend",
            "outbound_rules": [],
            "timeouts": null,
            "tunnel_interface": [],
            "virtual_network_id": ""
          },
          "sensitive_attributes": [],
          "private": "eyJlMmJmYjczMC1lY2FhLTExZTYtOGY4OC0zNDM2M2JjN2M0YzAiOnsiY3JlYXRlIjoxODAwMDAwMDAwMDAwLCJkZWxldGUiOjE4MDAwMDAwMDAwMDAsInJlYWQiOjMwMDAwMDAwMDAwMCwidXBkYXRlIjoxODAwMDAwMDAwMDAwfX0=",
          "dependencies": [
            "module.load-balancer.azurerm_lb.wordpress_lb",
            "module.networking.azurerm_network_security_group.lb_nsg",
            "module.networking.azurerm_public_ip.lb_pip",
            "module.networking.azurerm_subnet.backend",
            "module.networking.azurerm_virtual_network.vnet",
            "module.resource_group.azurerm_resource_group.resource-group",
            "module.storage.azurerm_storage_account.vm_diagnostics",
            "module.virtual-machines.azurerm_linux_virtual_machine.primary_vm",
            "module.virtual-machines.azurerm_linux_virtual_machine.secondary_vm",
            "module.virtual-machines.azurerm_network_interface.nic_primary_vm",
            "module.virtual-machines.azurerm_network_interface.nic_secondary_vm",
            "module.virtual-machines.azurerm_network_interface_security_group_association.primary_nic_association",
            "module.virtual-machines.azurerm_network_interface_security_group_association.secondary_nic_association"
          ]
        }
      ]
    },
    {
      "module": "module.load-balancer",
      "mode": "managed",
      "type": "azurerm_lb_probe",
      "name": "wordpress_lb_probe",
      "provider": "provider[\"registry.terraform.io/hashicorp/azurerm\"]",
      "instances": [
        {
          "schema_version": 0,
          "attributes": {
            "id": "/subscriptions/d70917c9-fb73-4754-bc57-31731e67aae9/resourceGroups/rg-hawordpress-westeu-001/providers/Microsoft.Network/loadBalancers/lb-hawordpress-westeu-001/probes/web-probe",
            "interval_in_seconds": 15,
            "load_balancer_rules": [],
            "loadbalancer_id": "/subscriptions/d70917c9-fb73-4754-bc57-31731e67aae9/resourceGroups/rg-hawordpress-westeu-001/providers/Microsoft.Network/loadBalancers/lb-hawordpress-westeu-001",
            "name": "web-probe",
            "number_of_probes": 2,
            "port": 80,
            "probe_threshold": 1,
            "protocol": "Tcp",
            "request_path": "",
            "timeouts": null
          },
          "sensitive_attributes": [],
          "private": "eyJlMmJmYjczMC1lY2FhLTExZTYtOGY4OC0zNDM2M2JjN2M0YzAiOnsiY3JlYXRlIjoxODAwMDAwMDAwMDAwLCJkZWxldGUiOjE4MDAwMDAwMDAwMDAsInJlYWQiOjMwMDAwMDAwMDAwMCwidXBkYXRlIjoxODAwMDAwMDAwMDAwfX0=",
          "dependencies": [
            "module.load-balancer.azurerm_lb.wordpress_lb",
            "module.networking.azurerm_network_security_group.lb_nsg",
            "module.networking.azurerm_public_ip.lb_pip",
            "module.networking.azurerm_subnet.backend",
            "module.networking.azurerm_virtual_network.vnet",
            "module.resource_group.azurerm_resource_group.resource-group",
            "module.storage.azurerm_storage_account.vm_diagnostics",
            "module.virtual-machines.azurerm_linux_virtual_machine.primary_vm",
            "module.virtual-machines.azurerm_linux_virtual_machine.secondary_vm",
            "module.virtual-machines.azurerm_network_interface.nic_primary_vm",
            "module.virtual-machines.azurerm_network_interface.nic_secondary_vm",
            "module.virtual-machines.azurerm_network_interface_security_group_association.primary_nic_association",
            "module.virtual-machines.azurerm_network_interface_security_group_association.secondary_nic_association"
          ]
        }
      ]
    },
    {
      "module": "module.load-balancer",
      "mode": "managed",
      "type": "azurerm_lb_probe",
      "name": "wordpress_lb_ssl_probe",
      "provider": "provider[\"registry.terraform.io/hashicorp/azurerm\"]",
      "instances": [
        {
          "schema_version": 0,
          "attributes": {
            "id": "/subscriptions/d70917c9-fb73-4754-bc57-31731e67aae9/resourceGroups/rg-hawordpress-westeu-001/providers/Microsoft.Network/loadBalancers/lb-hawordpress-westeu-001/probes/https-probe",
            "interval_in_seconds": 15,
            "load_balancer_rules": [],
            "loadbalancer_id": "/subscriptions/d70917c9-fb73-4754-bc57-31731e67aae9/resourceGroups/rg-hawordpress-westeu-001/providers/Microsoft.Network/loadBalancers/lb-hawordpress-westeu-001",
            "name": "https-probe",
            "number_of_probes": 2,
            "port": 443,
            "probe_threshold": 1,
            "protocol": "Tcp",
            "request_path": "",
            "timeouts": null
          },
          "sensitive_attributes": [],
          "private": "eyJlMmJmYjczMC1lY2FhLTExZTYtOGY4OC0zNDM2M2JjN2M0YzAiOnsiY3JlYXRlIjoxODAwMDAwMDAwMDAwLCJkZWxldGUiOjE4MDAwMDAwMDAwMDAsInJlYWQiOjMwMDAwMDAwMDAwMCwidXBkYXRlIjoxODAwMDAwMDAwMDAwfX0=",
          "dependencies": [
            "module.load-balancer.azurerm_lb.wordpress_lb",
            "module.networking.azurerm_network_security_group.lb_nsg",
            "module.networking.azurerm_public_ip.lb_pip",
            "module.networking.azurerm_subnet.backend",
            "module.networking.azurerm_virtual_network.vnet",
            "module.resource_group.azurerm_resource_group.resource-group",
            "module.storage.azurerm_storage_account.vm_diagnostics",
            "module.virtual-machines.azurerm_linux_virtual_machine.primary_vm",
            "module.virtual-machines.azurerm_linux_virtual_machine.secondary_vm",
            "module.virtual-machines.azurerm_network_interface.nic_primary_vm",
            "module.virtual-machines.azurerm_network_interface.nic_secondary_vm",
            "module.virtual-machines.azurerm_network_interface_security_group_association.primary_nic_association",
            "module.virtual-machines.azurerm_network_interface_security_group_association.secondary_nic_association"
          ]
        }
      ]
    },
    {
      "module": "module.load-balancer",
      "mode": "managed",
      "type": "azurerm_lb_rule",
      "name": "wordress_lb_rule",
      "provider": "provider[\"registry.terraform.io/hashicorp/azurerm\"]",
      "instances": [
        {
          "schema_version": 0,
          "attributes": {
            "backend_address_pool_ids": [
              "/subscriptions/d70917c9-fb73-4754-bc57-31731e67aae9/resourceGroups/rg-hawordpress-westeu-001/providers/Microsoft.Network/loadBalancers/lb-hawordpress-westeu-001/backendAddressPools/wp-backend"
            ],
            "backend_port": 80,
            "disable_outbound_snat": false,
            "enable_floating_ip": false,
            "enable_tcp_reset": false,
            "frontend_ip_configuration_id": "/subscriptions/d70917c9-fb73-4754-bc57-31731e67aae9/resourceGroups/rg-hawordpress-westeu-001/providers/Microsoft.Network/loadBalancers/lb-hawordpress-westeu-001/frontendIPConfigurations/wp-frontend",
            "frontend_ip_configuration_name": "wp-frontend",
            "frontend_port": 80,
            "id": "/subscriptions/d70917c9-fb73-4754-bc57-31731e67aae9/resourceGroups/rg-hawordpress-westeu-001/providers/Microsoft.Network/loadBalancers/lb-hawordpress-westeu-001/loadBalancingRules/http-rule",
            "idle_timeout_in_minutes": 4,
            "load_distribution": "SourceIPProtocol",
            "loadbalancer_id": "/subscriptions/d70917c9-fb73-4754-bc57-31731e67aae9/resourceGroups/rg-hawordpress-westeu-001/providers/Microsoft.Network/loadBalancers/lb-hawordpress-westeu-001",
            "name": "http-rule",
            "probe_id": "/subscriptions/d70917c9-fb73-4754-bc57-31731e67aae9/resourceGroups/rg-hawordpress-westeu-001/providers/Microsoft.Network/loadBalancers/lb-hawordpress-westeu-001/probes/web-probe",
            "protocol": "Tcp",
            "timeouts": null
          },
          "sensitive_attributes": [],
          "private": "eyJlMmJmYjczMC1lY2FhLTExZTYtOGY4OC0zNDM2M2JjN2M0YzAiOnsiY3JlYXRlIjoxODAwMDAwMDAwMDAwLCJkZWxldGUiOjE4MDAwMDAwMDAwMDAsInJlYWQiOjMwMDAwMDAwMDAwMCwidXBkYXRlIjoxODAwMDAwMDAwMDAwfX0=",
          "dependencies": [
            "module.load-balancer.azurerm_lb.wordpress_lb",
            "module.load-balancer.azurerm_lb_backend_address_pool.wordpress_backend_pool",
            "module.load-balancer.azurerm_lb_probe.wordpress_lb_probe",
            "module.networking.azurerm_network_security_group.lb_nsg",
            "module.networking.azurerm_public_ip.lb_pip",
            "module.networking.azurerm_subnet.backend",
            "module.networking.azurerm_virtual_network.vnet",
            "module.resource_group.azurerm_resource_group.resource-group",
            "module.storage.azurerm_storage_account.vm_diagnostics",
            "module.virtual-machines.azurerm_linux_virtual_machine.primary_vm",
            "module.virtual-machines.azurerm_linux_virtual_machine.secondary_vm",
            "module.virtual-machines.azurerm_network_interface.nic_primary_vm",
            "module.virtual-machines.azurerm_network_interface.nic_secondary_vm",
            "module.virtual-machines.azurerm_network_interface_security_group_association.primary_nic_association",
            "module.virtual-machines.azurerm_network_interface_security_group_association.secondary_nic_association"
          ]
        }
      ]
    },
    {
      "module": "module.load-balancer",
      "mode": "managed",
      "type": "azurerm_lb_rule",
      "name": "wordress_lb_ssl_rule",
      "provider": "provider[\"registry.terraform.io/hashicorp/azurerm\"]",
      "instances": [
        {
          "schema_version": 0,
          "attributes": {
            "backend_address_pool_ids": [
              "/subscriptions/d70917c9-fb73-4754-bc57-31731e67aae9/resourceGroups/rg-hawordpress-westeu-001/providers/Microsoft.Network/loadBalancers/lb-hawordpress-westeu-001/backendAddressPools/wp-backend"
            ],
            "backend_port": 443,
            "disable_outbound_snat": false,
            "enable_floating_ip": false,
            "enable_tcp_reset": false,
            "frontend_ip_configuration_id": "/subscriptions/d70917c9-fb73-4754-bc57-31731e67aae9/resourceGroups/rg-hawordpress-westeu-001/providers/Microsoft.Network/loadBalancers/lb-hawordpress-westeu-001/frontendIPConfigurations/wp-frontend",
            "frontend_ip_configuration_name": "wp-frontend",
            "frontend_port": 443,
            "id": "/subscriptions/d70917c9-fb73-4754-bc57-31731e67aae9/resourceGroups/rg-hawordpress-westeu-001/providers/Microsoft.Network/loadBalancers/lb-hawordpress-westeu-001/loadBalancingRules/https-rule",
            "idle_timeout_in_minutes": 4,
            "load_distribution": "SourceIPProtocol",
            "loadbalancer_id": "/subscriptions/d70917c9-fb73-4754-bc57-31731e67aae9/resourceGroups/rg-hawordpress-westeu-001/providers/Microsoft.Network/loadBalancers/lb-hawordpress-westeu-001",
            "name": "https-rule",
            "probe_id": "/subscriptions/d70917c9-fb73-4754-bc57-31731e67aae9/resourceGroups/rg-hawordpress-westeu-001/providers/Microsoft.Network/loadBalancers/lb-hawordpress-westeu-001/probes/https-probe",
            "protocol": "Tcp",
            "timeouts": null
          },
          "sensitive_attributes": [],
          "private": "eyJlMmJmYjczMC1lY2FhLTExZTYtOGY4OC0zNDM2M2JjN2M0YzAiOnsiY3JlYXRlIjoxODAwMDAwMDAwMDAwLCJkZWxldGUiOjE4MDAwMDAwMDAwMDAsInJlYWQiOjMwMDAwMDAwMDAwMCwidXBkYXRlIjoxODAwMDAwMDAwMDAwfX0=",
          "dependencies": [
            "module.load-balancer.azurerm_lb.wordpress_lb",
            "module.load-balancer.azurerm_lb_backend_address_pool.wordpress_backend_pool",
            "module.load-balancer.azurerm_lb_probe.wordpress_lb_ssl_probe",
            "module.networking.azurerm_network_security_group.lb_nsg",
            "module.networking.azurerm_public_ip.lb_pip",
            "module.networking.azurerm_subnet.backend",
            "module.networking.azurerm_virtual_network.vnet",
            "module.resource_group.azurerm_resource_group.resource-group",
            "module.storage.azurerm_storage_account.vm_diagnostics",
            "module.virtual-machines.azurerm_linux_virtual_machine.primary_vm",
            "module.virtual-machines.azurerm_linux_virtual_machine.secondary_vm",
            "module.virtual-machines.azurerm_network_interface.nic_primary_vm",
            "module.virtual-machines.azurerm_network_interface.nic_secondary_vm",
            "module.virtual-machines.azurerm_network_interface_security_group_association.primary_nic_association",
            "module.virtual-machines.azurerm_network_interface_security_group_association.secondary_nic_association"
          ]
        }
      ]
    },
    {
      "module": "module.load-balancer",
      "mode": "managed",
      "type": "azurerm_network_interface_backend_address_pool_association",
      "name": "primary_nic_association",
      "provider": "provider[\"registry.terraform.io/hashicorp/azurerm\"]",
      "instances": [
        {
          "schema_version": 0,
          "attributes": {
            "backend_address_pool_id": "/subscriptions/d70917c9-fb73-4754-bc57-31731e67aae9/resourceGroups/rg-hawordpress-westeu-001/providers/Microsoft.Network/loadBalancers/lb-hawordpress-westeu-001/backendAddressPools/wp-backend",
            "id": "/subscriptions/d70917c9-fb73-4754-bc57-31731e67aae9/resourceGroups/rg-hawordpress-westeu-001/providers/Microsoft.Network/networkInterfaces/nic-primary-hawordpress-westeu-001/ipConfigurations/backend|/subscriptions/d70917c9-fb73-4754-bc57-31731e67aae9/resourceGroups/rg-hawordpress-westeu-001/providers/Microsoft.Network/loadBalancers/lb-hawordpress-westeu-001/backendAddressPools/wp-backend",
            "ip_configuration_name": "backend",
            "network_interface_id": "/subscriptions/d70917c9-fb73-4754-bc57-31731e67aae9/resourceGroups/rg-hawordpress-westeu-001/providers/Microsoft.Network/networkInterfaces/nic-primary-hawordpress-westeu-001",
            "timeouts": null
          },
          "sensitive_attributes": [],
          "private": "eyJlMmJmYjczMC1lY2FhLTExZTYtOGY4OC0zNDM2M2JjN2M0YzAiOnsiY3JlYXRlIjoxODAwMDAwMDAwMDAwLCJkZWxldGUiOjE4MDAwMDAwMDAwMDAsInJlYWQiOjMwMDAwMDAwMDAwMCwidXBkYXRlIjoxODAwMDAwMDAwMDAwfX0=",
          "dependencies": [
            "module.load-balancer.azurerm_lb.wordpress_lb",
            "module.load-balancer.azurerm_lb_backend_address_pool.wordpress_backend_pool",
            "module.networking.azurerm_network_security_group.lb_nsg",
            "module.networking.azurerm_public_ip.lb_pip",
            "module.networking.azurerm_subnet.backend",
            "module.networking.azurerm_virtual_network.vnet",
            "module.resource_group.azurerm_resource_group.resource-group",
            "module.storage.azurerm_storage_account.vm_diagnostics",
            "module.virtual-machines.azurerm_linux_virtual_machine.primary_vm",
            "module.virtual-machines.azurerm_linux_virtual_machine.secondary_vm",
            "module.virtual-machines.azurerm_network_interface.nic_primary_vm",
            "module.virtual-machines.azurerm_network_interface.nic_secondary_vm",
            "module.virtual-machines.azurerm_network_interface_security_group_association.primary_nic_association",
            "module.virtual-machines.azurerm_network_interface_security_group_association.secondary_nic_association"
          ]
        }
      ]
    },
    {
      "module": "module.load-balancer",
      "mode": "managed",
      "type": "azurerm_network_interface_backend_address_pool_association",
      "name": "secondary_nic_association",
      "provider": "provider[\"registry.terraform.io/hashicorp/azurerm\"]",
      "instances": [
        {
          "schema_version": 0,
          "attributes": {
            "backend_address_pool_id": "/subscriptions/d70917c9-fb73-4754-bc57-31731e67aae9/resourceGroups/rg-hawordpress-westeu-001/providers/Microsoft.Network/loadBalancers/lb-hawordpress-westeu-001/backendAddressPools/wp-backend",
            "id": "/subscriptions/d70917c9-fb73-4754-bc57-31731e67aae9/resourceGroups/rg-hawordpress-westeu-001/providers/Microsoft.Network/networkInterfaces/nic-secondary-hawordpress-westeu-001/ipConfigurations/backend|/subscriptions/d70917c9-fb73-4754-bc57-31731e67aae9/resourceGroups/rg-hawordpress-westeu-001/providers/Microsoft.Network/loadBalancers/lb-hawordpress-westeu-001/backendAddressPools/wp-backend",
            "ip_configuration_name": "backend",
            "network_interface_id": "/subscriptions/d70917c9-fb73-4754-bc57-31731e67aae9/resourceGroups/rg-hawordpress-westeu-001/providers/Microsoft.Network/networkInterfaces/nic-secondary-hawordpress-westeu-001",
            "timeouts": null
          },
          "sensitive_attributes": [],
          "private": "eyJlMmJmYjczMC1lY2FhLTExZTYtOGY4OC0zNDM2M2JjN2M0YzAiOnsiY3JlYXRlIjoxODAwMDAwMDAwMDAwLCJkZWxldGUiOjE4MDAwMDAwMDAwMDAsInJlYWQiOjMwMDAwMDAwMDAwMCwidXBkYXRlIjoxODAwMDAwMDAwMDAwfX0=",
          "dependencies": [
            "module.load-balancer.azurerm_lb.wordpress_lb",
            "module.load-balancer.azurerm_lb_backend_address_pool.wordpress_backend_pool",
            "module.networking.azurerm_network_security_group.lb_nsg",
            "module.networking.azurerm_public_ip.lb_pip",
            "module.networking.azurerm_subnet.backend",
            "module.networking.azurerm_virtual_network.vnet",
            "module.resource_group.azurerm_resource_group.resource-group",
            "module.storage.azurerm_storage_account.vm_diagnostics",
            "module.virtual-machines.azurerm_linux_virtual_machine.primary_vm",
            "module.virtual-machines.azurerm_linux_virtual_machine.secondary_vm",
            "module.virtual-machines.azurerm_network_interface.nic_primary_vm",
            "module.virtual-machines.azurerm_network_interface.nic_secondary_vm",
            "module.virtual-machines.azurerm_network_interface_security_group_association.primary_nic_association",
            "module.virtual-machines.azurerm_network_interface_security_group_association.secondary_nic_association"
          ]
        }
      ]
    },
    {
      "module": "module.networking",
      "mode": "managed",
      "type": "azurerm_network_security_group",
      "name": "lb_nsg",
      "provider": "provider[\"registry.terraform.io/hashicorp/azurerm\"]",
      "instances": [
        {
          "schema_version": 0,
          "attributes": {
            "id": "/subscriptions/d70917c9-fb73-4754-bc57-31731e67aae9/resourceGroups/rg-hawordpress-westeu-001/providers/Microsoft.Network/networkSecurityGroups/nsg-hawordpress-westeu-001",
            "location": "westeurope",
            "name": "nsg-hawordpress-westeu-001",
            "resource_group_name": "rg-hawordpress-westeu-001",
            "security_rule": [
              {
                "access": "Allow",
                "description": "",
                "destination_address_prefix": "*",
                "destination_address_prefixes": [],
                "destination_application_security_group_ids": [],
                "destination_port_range": "443",
                "destination_port_ranges": [],
                "direction": "Inbound",
                "name": "https",
                "priority": 101,
                "protocol": "Tcp",
                "source_address_prefix": "*",
                "source_address_prefixes": [],
                "source_application_security_group_ids": [],
                "source_port_range": "*",
                "source_port_ranges": []
              },
              {
                "access": "Allow",
                "description": "",
                "destination_address_prefix": "*",
                "destination_address_prefixes": [],
                "destination_application_security_group_ids": [],
                "destination_port_range": "80",
                "destination_port_ranges": [],
                "direction": "Inbound",
                "name": "http",
                "priority": 100,
                "protocol": "Tcp",
                "source_address_prefix": "*",
                "source_address_prefixes": [],
                "source_application_security_group_ids": [],
                "source_port_range": "*",
                "source_port_ranges": []
              }
            ],
            "tags": {
              "autor": "Maria Jesus Alloza",
              "curso": "2º ASIR",
              "entorno": "dev",
              "instituto": "IES Gonzalo Nazareno",
              "proyecto": "WordPress en alta disponibilidad"
            },
            "timeouts": null
          },
          "sensitive_attributes": [],
          "private": "eyJlMmJmYjczMC1lY2FhLTExZTYtOGY4OC0zNDM2M2JjN2M0YzAiOnsiY3JlYXRlIjoxODAwMDAwMDAwMDAwLCJkZWxldGUiOjE4MDAwMDAwMDAwMDAsInJlYWQiOjMwMDAwMDAwMDAwMCwidXBkYXRlIjoxODAwMDAwMDAwMDAwfX0=",
          "dependencies": [
            "module.resource_group.azurerm_resource_group.resource-group"
          ]
        }
      ]
    },
    {
      "module": "module.networking",
      "mode": "managed",
      "type": "azurerm_public_ip",
      "name": "lb_pip",
      "provider": "provider[\"registry.terraform.io/hashicorp/azurerm\"]",
      "instances": [
        {
          "schema_version": 0,
          "attributes": {
            "allocation_method": "Static",
            "ddos_protection_mode": "VirtualNetworkInherited",
            "ddos_protection_plan_id": null,
            "domain_name_label": null,
            "edge_zone": "",
            "fqdn": null,
            "id": "/subscriptions/d70917c9-fb73-4754-bc57-31731e67aae9/resourceGroups/rg-hawordpress-westeu-001/providers/Microsoft.Network/publicIPAddresses/pip-lb-hawordpress-westeu-001",
            "idle_timeout_in_minutes": 4,
            "ip_address": "108.143.9.39",
            "ip_tags": null,
            "ip_version": "IPv4",
            "location": "westeurope",
            "name": "pip-lb-hawordpress-westeu-001",
            "public_ip_prefix_id": null,
            "resource_group_name": "rg-hawordpress-westeu-001",
            "reverse_fqdn": null,
            "sku": "Standard",
            "sku_tier": "Regional",
            "tags": {
              "autor": "Maria Jesus Alloza",
              "curso": "2º ASIR",
              "entorno": "dev",
              "instituto": "IES Gonzalo Nazareno",
              "proyecto": "WordPress en alta disponibilidad"
            },
            "timeouts": null,
            "zones": null
          },
          "sensitive_attributes": [],
          "private": "eyJlMmJmYjczMC1lY2FhLTExZTYtOGY4OC0zNDM2M2JjN2M0YzAiOnsiY3JlYXRlIjoxODAwMDAwMDAwMDAwLCJkZWxldGUiOjE4MDAwMDAwMDAwMDAsInJlYWQiOjMwMDAwMDAwMDAwMCwidXBkYXRlIjoxODAwMDAwMDAwMDAwfX0=",
          "dependencies": [
            "module.resource_group.azurerm_resource_group.resource-group"
          ]
        }
      ]
    },
    {
      "module": "module.networking",
      "mode": "managed",
      "type": "azurerm_subnet",
      "name": "backend",
      "provider": "provider[\"registry.terraform.io/hashicorp/azurerm\"]",
      "instances": [
        {
          "schema_version": 0,
          "attributes": {
            "address_prefixes": [
              "10.0.1.0/24"
            ],
            "delegation": [],
            "enforce_private_link_endpoint_network_policies": false,
            "enforce_private_link_service_network_policies": false,
            "id": "/subscriptions/d70917c9-fb73-4754-bc57-31731e67aae9/resourceGroups/rg-hawordpress-westeu-001/providers/Microsoft.Network/virtualNetworks/vnet-hawordpress-westeu-001/subnets/snet-backend-hawordpress-westeu-001",
            "name": "snet-backend-hawordpress-westeu-001",
            "private_endpoint_network_policies_enabled": true,
            "private_link_service_network_policies_enabled": true,
            "resource_group_name": "rg-hawordpress-westeu-001",
            "service_endpoint_policy_ids": null,
            "service_endpoints": null,
            "timeouts": null,
            "virtual_network_name": "vnet-hawordpress-westeu-001"
          },
          "sensitive_attributes": [],
          "private": "eyJlMmJmYjczMC1lY2FhLTExZTYtOGY4OC0zNDM2M2JjN2M0YzAiOnsiY3JlYXRlIjoxODAwMDAwMDAwMDAwLCJkZWxldGUiOjE4MDAwMDAwMDAwMDAsInJlYWQiOjMwMDAwMDAwMDAwMCwidXBkYXRlIjoxODAwMDAwMDAwMDAwfX0=",
          "dependencies": [
            "module.networking.azurerm_virtual_network.vnet",
            "module.resource_group.azurerm_resource_group.resource-group"
          ]
        }
      ]
    },
    {
      "module": "module.networking",
      "mode": "managed",
      "type": "azurerm_virtual_network",
      "name": "vnet",
      "provider": "provider[\"registry.terraform.io/hashicorp/azurerm\"]",
      "instances": [
        {
          "schema_version": 0,
          "attributes": {
            "address_space": [
              "10.0.0.0/16"
            ],
            "bgp_community": "",
            "ddos_protection_plan": [],
            "dns_servers": [],
            "edge_zone": "",
            "flow_timeout_in_minutes": 0,
            "guid": "9824efcb-94ee-45bc-b3f0-1cf0dcdcab17",
            "id": "/subscriptions/d70917c9-fb73-4754-bc57-31731e67aae9/resourceGroups/rg-hawordpress-westeu-001/providers/Microsoft.Network/virtualNetworks/vnet-hawordpress-westeu-001",
            "location": "westeurope",
            "name": "vnet-hawordpress-westeu-001",
            "resource_group_name": "rg-hawordpress-westeu-001",
            "subnet": [],
            "tags": {
              "autor": "Maria Jesus Alloza",
              "curso": "2º ASIR",
              "entorno": "dev",
              "instituto": "IES Gonzalo Nazareno",
              "proyecto": "WordPress en alta disponibilidad"
            },
            "timeouts": null
          },
          "sensitive_attributes": [],
          "private": "eyJlMmJmYjczMC1lY2FhLTExZTYtOGY4OC0zNDM2M2JjN2M0YzAiOnsiY3JlYXRlIjoxODAwMDAwMDAwMDAwLCJkZWxldGUiOjE4MDAwMDAwMDAwMDAsInJlYWQiOjMwMDAwMDAwMDAwMCwidXBkYXRlIjoxODAwMDAwMDAwMDAwfX0=",
          "dependencies": [
            "module.resource_group.azurerm_resource_group.resource-group"
          ]
        }
      ]
    },
    {
      "module": "module.resource_group",
      "mode": "managed",
      "type": "azurerm_resource_group",
      "name": "resource-group",
      "provider": "provider[\"registry.terraform.io/hashicorp/azurerm\"]",
      "instances": [
        {
          "schema_version": 0,
          "attributes": {
            "id": "/subscriptions/d70917c9-fb73-4754-bc57-31731e67aae9/resourceGroups/rg-hawordpress-westeu-001",
            "location": "westeurope",
            "name": "rg-hawordpress-westeu-001",
            "tags": {
              "autor": "Maria Jesus Alloza",
              "curso": "2º ASIR",
              "entorno": "dev",
              "instituto": "IES Gonzalo Nazareno",
              "proyecto": "WordPress en alta disponibilidad"
            },
            "timeouts": null
          },
          "sensitive_attributes": [],
          "private": "eyJlMmJmYjczMC1lY2FhLTExZTYtOGY4OC0zNDM2M2JjN2M0YzAiOnsiY3JlYXRlIjo1NDAwMDAwMDAwMDAwLCJkZWxldGUiOjU0MDAwMDAwMDAwMDAsInJlYWQiOjMwMDAwMDAwMDAwMCwidXBkYXRlIjo1NDAwMDAwMDAwMDAwfX0="
        }
      ]
    },
    {
      "module": "module.storage",
      "mode": "managed",
      "type": "azurerm_storage_account",
      "name": "vm_diagnostics",
      "provider": "provider[\"registry.terraform.io/hashicorp/azurerm\"]",
      "instances": [
        {
          "schema_version": 3,
          "attributes": {
            "access_tier": "Hot",
            "account_kind": "StorageV2",
            "account_replication_type": "LRS",
            "account_tier": "Standard",
            "allow_nested_items_to_be_public": true,
            "allowed_copy_scope": "",
            "azure_files_authentication": [],
            "blob_properties": [
              {
                "change_feed_enabled": false,
                "change_feed_retention_in_days": 0,
                "container_delete_retention_policy": [],
                "cors_rule": [],
                "default_service_version": "",
                "delete_retention_policy": [],
                "last_access_time_enabled": false,
                "restore_policy": [],
                "versioning_enabled": false
              }
            ],
            "cross_tenant_replication_enabled": true,
            "custom_domain": [],
            "customer_managed_key": [],
            "default_to_oauth_authentication": false,
            "edge_zone": "",
            "enable_https_traffic_only": true,
            "id": "/subscriptions/d70917c9-fb73-4754-bc57-31731e67aae9/resourceGroups/rg-hawordpress-westeu-001/providers/Microsoft.Storage/storageAccounts/stahawordpressdiag001",
            "identity": [],
            "immutability_policy": [],
            "infrastructure_encryption_enabled": false,
            "is_hns_enabled": false,
            "large_file_share_enabled": null,
            "location": "westeurope",
            "min_tls_version": "TLS1_2",
            "name": "stahawordpressdiag001",
            "network_rules": [
              {
                "bypass": [
                  "AzureServices"
                ],
                "default_action": "Allow",
                "ip_rules": [],
                "private_link_access": [],
                "virtual_network_subnet_ids": []
              }
            ],
            "nfsv3_enabled": false,
            "primary_access_key": "UJWOYs7x/gH8ETUc/NCt9RQanMR1F/ssb6uG1UoGsM2bopW3iGDsUujoNY+L449FF/1A03RvppSf+AStqCGwiQ==",
            "primary_blob_connection_string": "DefaultEndpointsProtocol=https;BlobEndpoint=https://stahawordpressdiag001.blob.core.windows.net/;AccountName=stahawordpressdiag001;AccountKey=UJWOYs7x/gH8ETUc/NCt9RQanMR1F/ssb6uG1UoGsM2bopW3iGDsUujoNY+L449FF/1A03RvppSf+AStqCGwiQ==",
            "primary_blob_endpoint": "https://stahawordpressdiag001.blob.core.windows.net/",
            "primary_blob_host": "stahawordpressdiag001.blob.core.windows.net",
            "primary_connection_string": "DefaultEndpointsProtocol=https;AccountName=stahawordpressdiag001;AccountKey=UJWOYs7x/gH8ETUc/NCt9RQanMR1F/ssb6uG1UoGsM2bopW3iGDsUujoNY+L449FF/1A03RvppSf+AStqCGwiQ==;EndpointSuffix=core.windows.net",
            "primary_dfs_endpoint": "https://stahawordpressdiag001.dfs.core.windows.net/",
            "primary_dfs_host": "stahawordpressdiag001.dfs.core.windows.net",
            "primary_file_endpoint": "https://stahawordpressdiag001.file.core.windows.net/",
            "primary_file_host": "stahawordpressdiag001.file.core.windows.net",
            "primary_location": "westeurope",
            "primary_queue_endpoint": "https://stahawordpressdiag001.queue.core.windows.net/",
            "primary_queue_host": "stahawordpressdiag001.queue.core.windows.net",
            "primary_table_endpoint": "https://stahawordpressdiag001.table.core.windows.net/",
            "primary_table_host": "stahawordpressdiag001.table.core.windows.net",
            "primary_web_endpoint": "https://stahawordpressdiag001.z6.web.core.windows.net/",
            "primary_web_host": "stahawordpressdiag001.z6.web.core.windows.net",
            "public_network_access_enabled": true,
            "queue_encryption_key_type": "Service",
            "queue_properties": [
              {
                "cors_rule": [],
                "hour_metrics": [
                  {
                    "enabled": true,
                    "include_apis": true,
                    "retention_policy_days": 7,
                    "version": "1.0"
                  }
                ],
                "logging": [
                  {
                    "delete": false,
                    "read": false,
                    "retention_policy_days": 0,
                    "version": "1.0",
                    "write": false
                  }
                ],
                "minute_metrics": [
                  {
                    "enabled": false,
                    "include_apis": false,
                    "retention_policy_days": 0,
                    "version": "1.0"
                  }
                ]
              }
            ],
            "resource_group_name": "rg-hawordpress-westeu-001",
            "routing": [],
            "sas_policy": [],
            "secondary_access_key": "pe85nh9gdj+Ss39YkCWILkRhdbO9mDqxe5Vb0xQyINiVPEPdyzJzfY1al8qMVgF/qHGs0a/Aq4bc+AStRHBWbw==",
            "secondary_blob_connection_string": "",
            "secondary_blob_endpoint": null,
            "secondary_blob_host": null,
            "secondary_connection_string": "DefaultEndpointsProtocol=https;AccountName=stahawordpressdiag001;AccountKey=pe85nh9gdj+Ss39YkCWILkRhdbO9mDqxe5Vb0xQyINiVPEPdyzJzfY1al8qMVgF/qHGs0a/Aq4bc+AStRHBWbw==;EndpointSuffix=core.windows.net",
            "secondary_dfs_endpoint": null,
            "secondary_dfs_host": null,
            "secondary_file_endpoint": null,
            "secondary_file_host": null,
            "secondary_location": "",
            "secondary_queue_endpoint": null,
            "secondary_queue_host": null,
            "secondary_table_endpoint": null,
            "secondary_table_host": null,
            "secondary_web_endpoint": null,
            "secondary_web_host": null,
            "sftp_enabled": false,
            "share_properties": [
              {
                "cors_rule": [],
                "retention_policy": [
                  {
                    "days": 7
                  }
                ],
                "smb": []
              }
            ],
            "shared_access_key_enabled": true,
            "static_website": [],
            "table_encryption_key_type": "Service",
            "tags": {
              "autor": "Maria Jesus Alloza",
              "curso": "2º ASIR",
              "entorno": "dev",
              "instituto": "IES Gonzalo Nazareno",
              "proyecto": "WordPress en alta disponibilidad"
            },
            "timeouts": null
          },
          "sensitive_attributes": [],
          "private": "eyJlMmJmYjczMC1lY2FhLTExZTYtOGY4OC0zNDM2M2JjN2M0YzAiOnsiY3JlYXRlIjozNjAwMDAwMDAwMDAwLCJkZWxldGUiOjM2MDAwMDAwMDAwMDAsInJlYWQiOjMwMDAwMDAwMDAwMCwidXBkYXRlIjozNjAwMDAwMDAwMDAwfSwic2NoZW1hX3ZlcnNpb24iOiIzIn0=",
          "dependencies": [
            "module.resource_group.azurerm_resource_group.resource-group"
          ]
        }
      ]
    },
    {
      "module": "module.virtual-machines",
      "mode": "managed",
      "type": "azurerm_linux_virtual_machine",
      "name": "primary_vm",
      "provider": "provider[\"registry.terraform.io/hashicorp/azurerm\"]",
      "instances": [
        {
          "schema_version": 0,
          "attributes": {
            "additional_capabilities": [],
            "admin_password": "$Hawordpress2023",
            "admin_ssh_key": [],
            "admin_username": "hawordpress",
            "allow_extension_operations": true,
            "availability_set_id": "",
            "boot_diagnostics": [
              {
                "storage_account_uri": "https://stahawordpressdiag001.blob.core.windows.net/"
              }
            ],
            "capacity_reservation_group_id": "",
            "computer_name": "hawordpress-001",
            "custom_data": null,
            "dedicated_host_group_id": "",
            "dedicated_host_id": "",
            "disable_password_authentication": false,
            "edge_zone": "",
            "encryption_at_host_enabled": false,
            "eviction_policy": "",
            "extensions_time_budget": "PT1H30M",
            "gallery_application": [],
            "id": "/subscriptions/d70917c9-fb73-4754-bc57-31731e67aae9/resourceGroups/rg-hawordpress-westeu-001/providers/Microsoft.Compute/virtualMachines/vm-primary-hawordpress-westeu-001",
            "identity": [],
            "license_type": "",
            "location": "westeurope",
            "max_bid_price": -1,
            "name": "vm-primary-hawordpress-westeu-001",
            "network_interface_ids": [
              "/subscriptions/d70917c9-fb73-4754-bc57-31731e67aae9/resourceGroups/rg-hawordpress-westeu-001/providers/Microsoft.Network/networkInterfaces/nic-primary-hawordpress-westeu-001"
            ],
            "os_disk": [
              {
                "caching": "ReadWrite",
                "diff_disk_settings": [],
                "disk_encryption_set_id": "",
                "disk_size_gb": 30,
                "name": "vm-primary-hawordpress-westeu-001_OsDisk_1_d2ab843ffb51412183b895d24b2c8767",
                "secure_vm_disk_encryption_set_id": "",
                "security_encryption_type": "",
                "storage_account_type": "Standard_LRS",
                "write_accelerator_enabled": false
              }
            ],
            "patch_assessment_mode": "ImageDefault",
            "patch_mode": "ImageDefault",
            "plan": [],
            "platform_fault_domain": -1,
            "priority": "Regular",
            "private_ip_address": "10.0.1.11",
            "private_ip_addresses": [
              "10.0.1.11"
            ],
            "provision_vm_agent": true,
            "proximity_placement_group_id": "",
            "public_ip_address": "",
            "public_ip_addresses": [],
            "resource_group_name": "rg-hawordpress-westeu-001",
            "secret": [],
            "secure_boot_enabled": false,
            "size": "Standard_B1s",
            "source_image_id": "",
            "source_image_reference": [
              {
                "offer": "0001-com-ubuntu-server-focal",
                "publisher": "Canonical",
                "sku": "20_04-lts-gen2",
                "version": "latest"
              }
            ],
            "tags": {
              "autor": "Maria Jesus Alloza",
              "curso": "2º ASIR",
              "entorno": "dev",
              "instituto": "IES Gonzalo Nazareno",
              "proyecto": "WordPress en alta disponibilidad"
            },
            "termination_notification": null,
            "timeouts": null,
            "user_data": "",
            "virtual_machine_id": "1788a0aa-4904-499f-945e-6fe22a101659",
            "virtual_machine_scale_set_id": "",
            "vtpm_enabled": false,
            "zone": "1"
          },
          "sensitive_attributes": [],
          "private": "eyJlMmJmYjczMC1lY2FhLTExZTYtOGY4OC0zNDM2M2JjN2M0YzAiOnsiY3JlYXRlIjoyNzAwMDAwMDAwMDAwLCJkZWxldGUiOjI3MDAwMDAwMDAwMDAsInJlYWQiOjMwMDAwMDAwMDAwMCwidXBkYXRlIjoyNzAwMDAwMDAwMDAwfX0=",
          "dependencies": [
            "module.networking.azurerm_subnet.backend",
            "module.networking.azurerm_virtual_network.vnet",
            "module.resource_group.azurerm_resource_group.resource-group",
            "module.storage.azurerm_storage_account.vm_diagnostics",
            "module.virtual-machines.azurerm_network_interface.nic_primary_vm"
          ]
        }
      ]
    },
    {
      "module": "module.virtual-machines",
      "mode": "managed",
      "type": "azurerm_linux_virtual_machine",
      "name": "secondary_vm",
      "provider": "provider[\"registry.terraform.io/hashicorp/azurerm\"]",
      "instances": [
        {
          "schema_version": 0,
          "attributes": {
            "additional_capabilities": [],
            "admin_password": "$Hawordpress2023",
            "admin_ssh_key": [],
            "admin_username": "hawordpress",
            "allow_extension_operations": true,
            "availability_set_id": "",
            "boot_diagnostics": [
              {
                "storage_account_uri": "https://stahawordpressdiag001.blob.core.windows.net/"
              }
            ],
            "capacity_reservation_group_id": "",
            "computer_name": "hawordpress-002",
            "custom_data": null,
            "dedicated_host_group_id": "",
            "dedicated_host_id": "",
            "disable_password_authentication": false,
            "edge_zone": "",
            "encryption_at_host_enabled": false,
            "eviction_policy": "",
            "extensions_time_budget": "PT1H30M",
            "gallery_application": [],
            "id": "/subscriptions/d70917c9-fb73-4754-bc57-31731e67aae9/resourceGroups/rg-hawordpress-westeu-001/providers/Microsoft.Compute/virtualMachines/vm-secondary-hawordpress-westeu-001",
            "identity": [],
            "license_type": "",
            "location": "westeurope",
            "max_bid_price": -1,
            "name": "vm-secondary-hawordpress-westeu-001",
            "network_interface_ids": [
              "/subscriptions/d70917c9-fb73-4754-bc57-31731e67aae9/resourceGroups/rg-hawordpress-westeu-001/providers/Microsoft.Network/networkInterfaces/nic-secondary-hawordpress-westeu-001"
            ],
            "os_disk": [
              {
                "caching": "ReadWrite",
                "diff_disk_settings": [],
                "disk_encryption_set_id": "",
                "disk_size_gb": 30,
                "name": "vm-secondary-hawordpress-westeu-001_OsDisk_1_d4dcd749cee64cd9986d5a1e7a6c0775",
                "secure_vm_disk_encryption_set_id": "",
                "security_encryption_type": "",
                "storage_account_type": "Standard_LRS",
                "write_accelerator_enabled": false
              }
            ],
            "patch_assessment_mode": "ImageDefault",
            "patch_mode": "ImageDefault",
            "plan": [],
            "platform_fault_domain": -1,
            "priority": "Regular",
            "private_ip_address": "10.0.1.10",
            "private_ip_addresses": [
              "10.0.1.10"
            ],
            "provision_vm_agent": true,
            "proximity_placement_group_id": "",
            "public_ip_address": "",
            "public_ip_addresses": [],
            "resource_group_name": "rg-hawordpress-westeu-001",
            "secret": [],
            "secure_boot_enabled": false,
            "size": "Standard_B1s",
            "source_image_id": "",
            "source_image_reference": [
              {
                "offer": "0001-com-ubuntu-server-focal",
                "publisher": "Canonical",
                "sku": "20_04-lts-gen2",
                "version": "latest"
              }
            ],
            "tags": {
              "autor": "Maria Jesus Alloza",
              "curso": "2º ASIR",
              "entorno": "dev",
              "instituto": "IES Gonzalo Nazareno",
              "proyecto": "WordPress en alta disponibilidad"
            },
            "termination_notification": null,
            "timeouts": null,
            "user_data": "",
            "virtual_machine_id": "ffee365b-0cf7-4512-9e50-6e3d9279aa33",
            "virtual_machine_scale_set_id": "",
            "vtpm_enabled": false,
            "zone": "2"
          },
          "sensitive_attributes": [],
          "private": "eyJlMmJmYjczMC1lY2FhLTExZTYtOGY4OC0zNDM2M2JjN2M0YzAiOnsiY3JlYXRlIjoyNzAwMDAwMDAwMDAwLCJkZWxldGUiOjI3MDAwMDAwMDAwMDAsInJlYWQiOjMwMDAwMDAwMDAwMCwidXBkYXRlIjoyNzAwMDAwMDAwMDAwfX0=",
          "dependencies": [
            "module.networking.azurerm_subnet.backend",
            "module.networking.azurerm_virtual_network.vnet",
            "module.resource_group.azurerm_resource_group.resource-group",
            "module.storage.azurerm_storage_account.vm_diagnostics",
            "module.virtual-machines.azurerm_network_interface.nic_secondary_vm"
          ]
        }
      ]
    },
    {
      "module": "module.virtual-machines",
      "mode": "managed",
      "type": "azurerm_network_interface",
      "name": "nic_primary_vm",
      "provider": "provider[\"registry.terraform.io/hashicorp/azurerm\"]",
      "instances": [
        {
          "schema_version": 0,
          "attributes": {
            "applied_dns_servers": [],
            "dns_servers": [],
            "edge_zone": "",
            "enable_accelerated_networking": false,
            "enable_ip_forwarding": false,
            "id": "/subscriptions/d70917c9-fb73-4754-bc57-31731e67aae9/resourceGroups/rg-hawordpress-westeu-001/providers/Microsoft.Network/networkInterfaces/nic-primary-hawordpress-westeu-001",
            "internal_dns_name_label": "",
            "internal_domain_name_suffix": "zpxsjghoss4elm5qdtynzxflch.ax.internal.cloudapp.net",
            "ip_configuration": [
              {
                "gateway_load_balancer_frontend_ip_configuration_id": "",
                "name": "backend",
                "primary": true,
                "private_ip_address": "10.0.1.11",
                "private_ip_address_allocation": "Static",
                "private_ip_address_version": "IPv4",
                "public_ip_address_id": "",
                "subnet_id": "/subscriptions/d70917c9-fb73-4754-bc57-31731e67aae9/resourceGroups/rg-hawordpress-westeu-001/providers/Microsoft.Network/virtualNetworks/vnet-hawordpress-westeu-001/subnets/snet-backend-hawordpress-westeu-001"
              }
            ],
            "location": "westeurope",
            "mac_address": "",
            "name": "nic-primary-hawordpress-westeu-001",
            "private_ip_address": "10.0.1.11",
            "private_ip_addresses": [
              "10.0.1.11"
            ],
            "resource_group_name": "rg-hawordpress-westeu-001",
            "tags": {
              "autor": "Maria Jesus Alloza",
              "curso": "2º ASIR",
              "entorno": "dev",
              "instituto": "IES Gonzalo Nazareno",
              "proyecto": "WordPress en alta disponibilidad"
            },
            "timeouts": null,
            "virtual_machine_id": ""
          },
          "sensitive_attributes": [],
          "private": "eyJlMmJmYjczMC1lY2FhLTExZTYtOGY4OC0zNDM2M2JjN2M0YzAiOnsiY3JlYXRlIjoxODAwMDAwMDAwMDAwLCJkZWxldGUiOjE4MDAwMDAwMDAwMDAsInJlYWQiOjMwMDAwMDAwMDAwMCwidXBkYXRlIjoxODAwMDAwMDAwMDAwfX0=",
          "dependencies": [
            "module.networking.azurerm_subnet.backend",
            "module.networking.azurerm_virtual_network.vnet",
            "module.resource_group.azurerm_resource_group.resource-group"
          ]
        }
      ]
    },
    {
      "module": "module.virtual-machines",
      "mode": "managed",
      "type": "azurerm_network_interface",
      "name": "nic_secondary_vm",
      "provider": "provider[\"registry.terraform.io/hashicorp/azurerm\"]",
      "instances": [
        {
          "schema_version": 0,
          "attributes": {
            "applied_dns_servers": [],
            "dns_servers": [],
            "edge_zone": "",
            "enable_accelerated_networking": false,
            "enable_ip_forwarding": false,
            "id": "/subscriptions/d70917c9-fb73-4754-bc57-31731e67aae9/resourceGroups/rg-hawordpress-westeu-001/providers/Microsoft.Network/networkInterfaces/nic-secondary-hawordpress-westeu-001",
            "internal_dns_name_label": "",
            "internal_domain_name_suffix": "zpxsjghoss4elm5qdtynzxflch.ax.internal.cloudapp.net",
            "ip_configuration": [
              {
                "gateway_load_balancer_frontend_ip_configuration_id": "",
                "name": "backend",
                "primary": true,
                "private_ip_address": "10.0.1.10",
                "private_ip_address_allocation": "Static",
                "private_ip_address_version": "IPv4",
                "public_ip_address_id": "",
                "subnet_id": "/subscriptions/d70917c9-fb73-4754-bc57-31731e67aae9/resourceGroups/rg-hawordpress-westeu-001/providers/Microsoft.Network/virtualNetworks/vnet-hawordpress-westeu-001/subnets/snet-backend-hawordpress-westeu-001"
              }
            ],
            "location": "westeurope",
            "mac_address": "",
            "name": "nic-secondary-hawordpress-westeu-001",
            "private_ip_address": "10.0.1.10",
            "private_ip_addresses": [
              "10.0.1.10"
            ],
            "resource_group_name": "rg-hawordpress-westeu-001",
            "tags": {
              "autor": "Maria Jesus Alloza",
              "curso": "2º ASIR",
              "entorno": "dev",
              "instituto": "IES Gonzalo Nazareno",
              "proyecto": "WordPress en alta disponibilidad"
            },
            "timeouts": null,
            "virtual_machine_id": ""
          },
          "sensitive_attributes": [],
          "private": "eyJlMmJmYjczMC1lY2FhLTExZTYtOGY4OC0zNDM2M2JjN2M0YzAiOnsiY3JlYXRlIjoxODAwMDAwMDAwMDAwLCJkZWxldGUiOjE4MDAwMDAwMDAwMDAsInJlYWQiOjMwMDAwMDAwMDAwMCwidXBkYXRlIjoxODAwMDAwMDAwMDAwfX0=",
          "dependencies": [
            "module.networking.azurerm_subnet.backend",
            "module.networking.azurerm_virtual_network.vnet",
            "module.resource_group.azurerm_resource_group.resource-group"
          ]
        }
      ]
    },
    {
      "module": "module.virtual-machines",
      "mode": "managed",
      "type": "azurerm_network_interface_security_group_association",
      "name": "primary_nic_association",
      "provider": "provider[\"registry.terraform.io/hashicorp/azurerm\"]",
      "instances": [
        {
          "schema_version": 0,
          "attributes": {
            "id": "/subscriptions/d70917c9-fb73-4754-bc57-31731e67aae9/resourceGroups/rg-hawordpress-westeu-001/providers/Microsoft.Network/networkInterfaces/nic-primary-hawordpress-westeu-001|/subscriptions/d70917c9-fb73-4754-bc57-31731e67aae9/resourceGroups/rg-hawordpress-westeu-001/providers/Microsoft.Network/networkSecurityGroups/nsg-hawordpress-westeu-001",
            "network_interface_id": "/subscriptions/d70917c9-fb73-4754-bc57-31731e67aae9/resourceGroups/rg-hawordpress-westeu-001/providers/Microsoft.Network/networkInterfaces/nic-primary-hawordpress-westeu-001",
            "network_security_group_id": "/subscriptions/d70917c9-fb73-4754-bc57-31731e67aae9/resourceGroups/rg-hawordpress-westeu-001/providers/Microsoft.Network/networkSecurityGroups/nsg-hawordpress-westeu-001",
            "timeouts": null
          },
          "sensitive_attributes": [],
          "private": "eyJlMmJmYjczMC1lY2FhLTExZTYtOGY4OC0zNDM2M2JjN2M0YzAiOnsiY3JlYXRlIjoxODAwMDAwMDAwMDAwLCJkZWxldGUiOjE4MDAwMDAwMDAwMDAsInJlYWQiOjMwMDAwMDAwMDAwMCwidXBkYXRlIjoxODAwMDAwMDAwMDAwfX0=",
          "dependencies": [
            "module.networking.azurerm_network_security_group.lb_nsg",
            "module.networking.azurerm_subnet.backend",
            "module.networking.azurerm_virtual_network.vnet",
            "module.resource_group.azurerm_resource_group.resource-group",
            "module.virtual-machines.azurerm_network_interface.nic_primary_vm"
          ]
        }
      ]
    },
    {
      "module": "module.virtual-machines",
      "mode": "managed",
      "type": "azurerm_network_interface_security_group_association",
      "name": "secondary_nic_association",
      "provider": "provider[\"registry.terraform.io/hashicorp/azurerm\"]",
      "instances": [
        {
          "schema_version": 0,
          "attributes": {
            "id": "/subscriptions/d70917c9-fb73-4754-bc57-31731e67aae9/resourceGroups/rg-hawordpress-westeu-001/providers/Microsoft.Network/networkInterfaces/nic-secondary-hawordpress-westeu-001|/subscriptions/d70917c9-fb73-4754-bc57-31731e67aae9/resourceGroups/rg-hawordpress-westeu-001/providers/Microsoft.Network/networkSecurityGroups/nsg-hawordpress-westeu-001",
            "network_interface_id": "/subscriptions/d70917c9-fb73-4754-bc57-31731e67aae9/resourceGroups/rg-hawordpress-westeu-001/providers/Microsoft.Network/networkInterfaces/nic-secondary-hawordpress-westeu-001",
            "network_security_group_id": "/subscriptions/d70917c9-fb73-4754-bc57-31731e67aae9/resourceGroups/rg-hawordpress-westeu-001/providers/Microsoft.Network/networkSecurityGroups/nsg-hawordpress-westeu-001",
            "timeouts": null
          },
          "sensitive_attributes": [],
          "private": "eyJlMmJmYjczMC1lY2FhLTExZTYtOGY4OC0zNDM2M2JjN2M0YzAiOnsiY3JlYXRlIjoxODAwMDAwMDAwMDAwLCJkZWxldGUiOjE4MDAwMDAwMDAwMDAsInJlYWQiOjMwMDAwMDAwMDAwMCwidXBkYXRlIjoxODAwMDAwMDAwMDAwfX0=",
          "dependencies": [
            "module.networking.azurerm_network_security_group.lb_nsg",
            "module.networking.azurerm_subnet.backend",
            "module.networking.azurerm_virtual_network.vnet",
            "module.resource_group.azurerm_resource_group.resource-group",
            "module.virtual-machines.azurerm_network_interface.nic_secondary_vm"
          ]
        }
      ]
    }
  ],
  "check_results": null
}
